
Microsoft Visual Studio Solution File, Format Version 12.00
# Visual Studio 15
VisualStudioVersion = 15.0.28307.168
MinimumVisualStudioVersion = 10.0.40219.1
Project("{9A19103F-16F7-4668-BE54-9A1E7A4F7556}") = "GetShredded.Web", "GetShredded.Web\GetShredded.Web.csproj", "{E55A2D18-F9A0-4823-91AF-D08DF6CD7068}"
EndProject
Project("{9A19103F-16F7-4668-BE54-9A1E7A4F7556}") = "GetShredded.Data", "GetShredded.Data\GetShredded.Data.csproj", "{3D710660-7E78-47CA-B2E7-457905904402}"
EndProject
Project("{9A19103F-16F7-4668-BE54-9A1E7A4F7556}") = "GetShredded.Models", "GetShredded.Models\GetShredded.Models.csproj", "{1BD81E79-BDB6-4A1C-BFC6-2B621A5D9C90}"
EndProject
Project("{9A19103F-16F7-4668-BE54-9A1E7A4F7556}") = "GetShredded.Common", "GetShredded.Common\GetShredded.Common.csproj", "{2A93FA2D-1BA6-4021-8715-734628CA4CE9}"
EndProject
Project("{9A19103F-16F7-4668-BE54-9A1E7A4F7556}") = "GetShredded.Services", "GetShredded.Services\GetShredded.Services.csproj", "{A27E8EB5-51D2-43CD-AEA7-A0EA7FBD7B4B}"
EndProject
Project("{9A19103F-16F7-4668-BE54-9A1E7A4F7556}") = "GetShredded.ViewModels", "GetShredded.ViewModel\GetShredded.ViewModels.csproj", "{F01446F9-F142-474A-BD89-378D0E1EF9B1}"
EndProject
Global
	GlobalSection(SolutionConfigurationPlatforms) = preSolution
		Debug|Any CPU = Debug|Any CPU
		Release|Any CPU = Release|Any CPU
	EndGlobalSection
	GlobalSection(ProjectConfigurationPlatforms) = postSolution
		{E55A2D18-F9A0-4823-91AF-D08DF6CD7068}.Debug|Any CPU.ActiveCfg = Debug|Any CPU
		{E55A2D18-F9A0-4823-91AF-D08DF6CD7068}.Debug|Any CPU.Build.0 = Debug|Any CPU
		{E55A2D18-F9A0-4823-91AF-D08DF6CD7068}.Release|Any CPU.ActiveCfg = Release|Any CPU
		{E55A2D18-F9A0-4823-91AF-D08DF6CD7068}.Release|Any CPU.Build.0 = Release|Any CPU
		{3D710660-7E78-47CA-B2E7-457905904402}.Debug|Any CPU.ActiveCfg = Debug|Any CPU
		{3D710660-7E78-47CA-B2E7-457905904402}.Debug|Any CPU.Build.0 = Debug|Any CPU
		{3D710660-7E78-47CA-B2E7-457905904402}.Release|Any CPU.ActiveCfg = Release|Any CPU
		{3D710660-7E78-47CA-B2E7-457905904402}.Release|Any CPU.Build.0 = Release|Any CPU
		{1BD81E79-BDB6-4A1C-BFC6-2B621A5D9C90}.Debug|Any CPU.ActiveCfg = Debug|Any CPU
		{1BD81E79-BDB6-4A1C-BFC6-2B621A5D9C90}.Debug|Any CPU.Build.0 = Debug|Any CPU
		{1BD81E79-BDB6-4A1C-BFC6-2B621A5D9C90}.Release|Any CPU.ActiveCfg = Release|Any CPU
		{1BD81E79-BDB6-4A1C-BFC6-2B621A5D9C90}.Release|Any CPU.Build.0 = Release|Any CPU
		{2A93FA2D-1BA6-4021-8715-734628CA4CE9}.Debug|Any CPU.ActiveCfg = Debug|Any CPU
		{2A93FA2D-1BA6-4021-8715-734628CA4CE9}.Debug|Any CPU.Build.0 = Debug|Any CPU
		{2A93FA2D-1BA6-4021-8715-734628CA4CE9}.Release|Any CPU.ActiveCfg = Release|Any CPU
		{2A93FA2D-1BA6-4021-8715-734628CA4CE9}.Release|Any CPU.Build.0 = Release|Any CPU
		{A27E8EB5-51D2-43CD-AEA7-A0EA7FBD7B4B}.Debug|Any CPU.ActiveCfg = Debug|Any CPU
		{A27E8EB5-51D2-43CD-AEA7-A0EA7FBD7B4B}.Debug|Any CPU.Build.0 = Debug|Any CPU
		{A27E8EB5-51D2-43CD-AEA7-A0EA7FBD7B4B}.Release|Any CPU.ActiveCfg = Release|Any CPU
		{A27E8EB5-51D2-43CD-AEA7-A0EA7FBD7B4B}.Release|Any CPU.Build.0 = Release|Any CPU
		{F01446F9-F142-474A-BD89-378D0E1EF9B1}.Debug|Any CPU.ActiveCfg = Debug|Any CPU
		{F01446F9-F142-474A-BD89-378D0E1EF9B1}.Debug|Any CPU.Build.0 = Debug|Any CPU
		{F01446F9-F142-474A-BD89-378D0E1EF9B1}.Release|Any CPU.ActiveCfg = Release|Any CPU
		{F01446F9-F142-474A-BD89-378D0E1EF9B1}.Release|Any CPU.Build.0 = Release|Any CPU
	EndGlobalSection
	GlobalSection(SolutionProperties) = preSolution
		HideSolutionNode = FALSE
	EndGlobalSection
	GlobalSection(ExtensibilityGlobals) = postSolution
		SolutionGuid = {C2A66FAB-05A5-47A7-891F-2648310E0F1E}
	EndGlobalSection
EndGlobal
